
Microsoft Visual Studio Solution File, Format Version 12.00
# Visual Studio Version 16
VisualStudioVersion = 16.0.29613.14
MinimumVisualStudioVersion = 10.0.40219.1
Project("{FAE04EC0-301F-11D3-BF4B-00C04F79EFBC}") = "Every_AdminWin", "Every\Every_AdminWin.csproj", "{38E29229-DE23-416A-A0DE-381F6D9AF73C}"
EndProject
Project("{FAE04EC0-301F-11D3-BF4B-00C04F79EFBC}") = "Every.Core.Login", "..\Bind.Core.Login\Bind.Core.Login\Every.Core.Login.csproj", "{0FCBE606-91F0-4982-9DD9-3E8EEB1DC2E8}"
EndProject
Project("{FAE04EC0-301F-11D3-BF4B-00C04F79EFBC}") = "TNetwork", "..\TNetwork\TNetwork.csproj", "{BBDB688F-DC0D-4881-B367-AA7E34922DE7}"
EndProject
Project("{9A19103F-16F7-4668-BE54-9A1E7A4F7556}") = "Every.Core.SignUp", "Every.Core.SignUp\Every.Core.SignUp.csproj", "{AFAE4130-57A5-494D-B86A-A40257A82E5C}"
EndProject
Project("{9A19103F-16F7-4668-BE54-9A1E7A4F7556}") = "Every.Core.Bamboo", "Every.Core.Bamboo\Every.Core.Bamboo.csproj", "{7580DB5A-26A6-4CFA-A894-97FDE4858512}"
EndProject
Global
	GlobalSection(SolutionConfigurationPlatforms) = preSolution
		Debug|Any CPU = Debug|Any CPU
		Release|Any CPU = Release|Any CPU
	EndGlobalSection
	GlobalSection(ProjectConfigurationPlatforms) = postSolution
		{38E29229-DE23-416A-A0DE-381F6D9AF73C}.Debug|Any CPU.ActiveCfg = Debug|Any CPU
		{38E29229-DE23-416A-A0DE-381F6D9AF73C}.Debug|Any CPU.Build.0 = Debug|Any CPU
		{38E29229-DE23-416A-A0DE-381F6D9AF73C}.Release|Any CPU.ActiveCfg = Release|Any CPU
		{38E29229-DE23-416A-A0DE-381F6D9AF73C}.Release|Any CPU.Build.0 = Release|Any CPU
		{0FCBE606-91F0-4982-9DD9-3E8EEB1DC2E8}.Debug|Any CPU.ActiveCfg = Debug|Any CPU
		{0FCBE606-91F0-4982-9DD9-3E8EEB1DC2E8}.Debug|Any CPU.Build.0 = Debug|Any CPU
		{0FCBE606-91F0-4982-9DD9-3E8EEB1DC2E8}.Release|Any CPU.ActiveCfg = Release|Any CPU
		{0FCBE606-91F0-4982-9DD9-3E8EEB1DC2E8}.Release|Any CPU.Build.0 = Release|Any CPU
		{BBDB688F-DC0D-4881-B367-AA7E34922DE7}.Debug|Any CPU.ActiveCfg = Debug|Any CPU
		{BBDB688F-DC0D-4881-B367-AA7E34922DE7}.Debug|Any CPU.Build.0 = Debug|Any CPU
		{BBDB688F-DC0D-4881-B367-AA7E34922DE7}.Release|Any CPU.ActiveCfg = Release|Any CPU
		{BBDB688F-DC0D-4881-B367-AA7E34922DE7}.Release|Any CPU.Build.0 = Release|Any CPU
		{AFAE4130-57A5-494D-B86A-A40257A82E5C}.Debug|Any CPU.ActiveCfg = Debug|Any CPU
		{AFAE4130-57A5-494D-B86A-A40257A82E5C}.Debug|Any CPU.Build.0 = Debug|Any CPU
		{AFAE4130-57A5-494D-B86A-A40257A82E5C}.Release|Any CPU.ActiveCfg = Release|Any CPU
		{AFAE4130-57A5-494D-B86A-A40257A82E5C}.Release|Any CPU.Build.0 = Release|Any CPU
		{7580DB5A-26A6-4CFA-A894-97FDE4858512}.Debug|Any CPU.ActiveCfg = Debug|Any CPU
		{7580DB5A-26A6-4CFA-A894-97FDE4858512}.Debug|Any CPU.Build.0 = Debug|Any CPU
		{7580DB5A-26A6-4CFA-A894-97FDE4858512}.Release|Any CPU.ActiveCfg = Release|Any CPU
		{7580DB5A-26A6-4CFA-A894-97FDE4858512}.Release|Any CPU.Build.0 = Release|Any CPU
	EndGlobalSection
	GlobalSection(SolutionProperties) = preSolution
		HideSolutionNode = FALSE
	EndGlobalSection
	GlobalSection(ExtensibilityGlobals) = postSolution
		SolutionGuid = {AE1B8B7F-580F-4D80-93E4-5B0B8092C2AA}
	EndGlobalSection
EndGlobal
